
Microsoft Visual Studio Solution File, Format Version 12.00
# Visual Studio Version 16
VisualStudioVersion = 16.0.29306.81
MinimumVisualStudioVersion = 10.0.40219.1
Project("{FAE04EC0-301F-11D3-BF4B-00C04F79EFBC}") = "ObserverExamen", "ObserverExamen.csproj", "{078F4B4B-1302-4CDD-B903-8C3DE9F37145}"
EndProject
Global
	GlobalSection(SolutionConfigurationPlatforms) = preSolution
		Debug|Any CPU = Debug|Any CPU
		Release|Any CPU = Release|Any CPU
	EndGlobalSection
	GlobalSection(ProjectConfigurationPlatforms) = postSolution
		{078F4B4B-1302-4CDD-B903-8C3DE9F37145}.Debug|Any CPU.ActiveCfg = Debug|Any CPU
		{078F4B4B-1302-4CDD-B903-8C3DE9F37145}.Debug|Any CPU.Build.0 = Debug|Any CPU
		{078F4B4B-1302-4CDD-B903-8C3DE9F37145}.Release|Any CPU.ActiveCfg = Release|Any CPU
		{078F4B4B-1302-4CDD-B903-8C3DE9F37145}.Release|Any CPU.Build.0 = Release|Any CPU
	EndGlobalSection
	GlobalSection(SolutionProperties) = preSolution
		HideSolutionNode = FALSE
	EndGlobalSection
	GlobalSection(ExtensibilityGlobals) = postSolution
		SolutionGuid = {0BF16B6C-A06C-4E19-8131-184D823B99F4}
	EndGlobalSection
EndGlobal
